
Microsoft Visual Studio Solution File, Format Version 12.00
# Visual Studio Version 16
VisualStudioVersion = 16.0.28803.156
MinimumVisualStudioVersion = 10.0.40219.1
Project("{9A19103F-16F7-4668-BE54-9A1E7A4F7556}") = "SelectionSort", "SelectionSort\SelectionSort.csproj", "{B44301FC-95A2-4F6F-8084-6E6E6B09D4BD}"
EndProject
Project("{9A19103F-16F7-4668-BE54-9A1E7A4F7556}") = "MergeSort", "MergeSort\MergeSort.csproj", "{20A04105-F66E-438D-886E-7748399196ED}"
EndProject
Project("{9A19103F-16F7-4668-BE54-9A1E7A4F7556}") = "BubbleSort", "BubbleSort\BubbleSort.csproj", "{4CE92EF7-25D0-4439-8E8B-74A07EDC1809}"
EndProject
Project("{9A19103F-16F7-4668-BE54-9A1E7A4F7556}") = "InsertionSort", "InsertionSort\InsertionSort.csproj", "{5E80700F-79D7-4775-9F3D-DD3A0CE2E039}"
EndProject
Project("{9A19103F-16F7-4668-BE54-9A1E7A4F7556}") = "BitonicMergeSort", "BitonicMergeSort\BitonicMergeSort.csproj", "{CD770637-866F-4AF5-A441-BF97FC1EE8CC}"
EndProject
Project("{9A19103F-16F7-4668-BE54-9A1E7A4F7556}") = "PigeonholeSort", "PigeonholeSort\PigeonholeSort.csproj", "{439DD393-CBB0-47A3-B79E-41E0F3598DE0}"
EndProject
Project("{9A19103F-16F7-4668-BE54-9A1E7A4F7556}") = "CountingSort", "CountingSort\CountingSort.csproj", "{8AE5B721-DB8E-461E-8D33-3C78E62E393D}"
EndProject
Project("{9A19103F-16F7-4668-BE54-9A1E7A4F7556}") = "RadixSort", "RadixSort\RadixSort.csproj", "{C0836A01-E6C2-48B1-882B-D5255811CDFF}"
EndProject
Project("{9A19103F-16F7-4668-BE54-9A1E7A4F7556}") = "CombSort", "CombSort\CombSort.csproj", "{CE0C8A45-81B5-4B1B-8E2E-7E979A65D67B}"
EndProject
Project("{9A19103F-16F7-4668-BE54-9A1E7A4F7556}") = "BucketSort", "BucketSort\BucketSort.csproj", "{0B6104D1-4F64-4132-B8B3-651B1A8DBF06}"
EndProject
Project("{9A19103F-16F7-4668-BE54-9A1E7A4F7556}") = "BogoSort", "BogoSort\BogoSort.csproj", "{829F9F8A-C5BD-4241-BC4C-0AAD7EE75C6F}"
EndProject
Project("{9A19103F-16F7-4668-BE54-9A1E7A4F7556}") = "ShellSort", "ShellSort\ShellSort.csproj", "{B47A24E0-6E4D-40C8-8F57-BC63E4706546}"
EndProject
Project("{9A19103F-16F7-4668-BE54-9A1E7A4F7556}") = "Common", "Common\Common.csproj", "{23F445B8-CD5E-4221-84C2-06C7F61E11AA}"
EndProject
Project("{9A19103F-16F7-4668-BE54-9A1E7A4F7556}") = "GnomeSort", "GnomeSort\GnomeSort.csproj", "{13E44E37-0C2E-4D68-8605-4D4C33147776}"
EndProject
Project("{9A19103F-16F7-4668-BE54-9A1E7A4F7556}") = "CocktailShakerSort", "CocktailShakerSort\CocktailShakerSort.csproj", "{AE2D2AE7-AD30-4968-98BF-36553D749383}"
EndProject
Project("{9A19103F-16F7-4668-BE54-9A1E7A4F7556}") = "HeapSort", "HeapSort\HeapSort.csproj", "{BDEA1C53-5092-44B6-9124-CED4EF97453A}"
EndProject
Project("{FAE04EC0-301F-11D3-BF4B-00C04F79EFBC}") = "TimSort", "TimSort\TimSort.csproj", "{850D7C4C-1D54-40AF-8E3F-D43E5311D5DB}"
EndProject
Project("{FAE04EC0-301F-11D3-BF4B-00C04F79EFBC}") = "QuickSort", "QuickSort\QuickSort.csproj", "{C45BE097-7746-4FB2-A1B1-A2909C318EA0}"
EndProject
Project("{FAE04EC0-301F-11D3-BF4B-00C04F79EFBC}") = "OddEvenSort", "OddEvenSort\OddEvenSort.csproj", "{F121AAFB-DEAA-473D-AFA6-AC0C9CBCE692}"
EndProject
Global
	GlobalSection(SolutionConfigurationPlatforms) = preSolution
		Debug|Any CPU = Debug|Any CPU
		Release|Any CPU = Release|Any CPU
	EndGlobalSection
	GlobalSection(ProjectConfigurationPlatforms) = postSolution
		{B44301FC-95A2-4F6F-8084-6E6E6B09D4BD}.Debug|Any CPU.ActiveCfg = Debug|Any CPU
		{B44301FC-95A2-4F6F-8084-6E6E6B09D4BD}.Debug|Any CPU.Build.0 = Debug|Any CPU
		{B44301FC-95A2-4F6F-8084-6E6E6B09D4BD}.Release|Any CPU.ActiveCfg = Release|Any CPU
		{B44301FC-95A2-4F6F-8084-6E6E6B09D4BD}.Release|Any CPU.Build.0 = Release|Any CPU
		{20A04105-F66E-438D-886E-7748399196ED}.Debug|Any CPU.ActiveCfg = Debug|Any CPU
		{20A04105-F66E-438D-886E-7748399196ED}.Debug|Any CPU.Build.0 = Debug|Any CPU
		{20A04105-F66E-438D-886E-7748399196ED}.Release|Any CPU.ActiveCfg = Release|Any CPU
		{20A04105-F66E-438D-886E-7748399196ED}.Release|Any CPU.Build.0 = Release|Any CPU
		{4CE92EF7-25D0-4439-8E8B-74A07EDC1809}.Debug|Any CPU.ActiveCfg = Debug|Any CPU
		{4CE92EF7-25D0-4439-8E8B-74A07EDC1809}.Debug|Any CPU.Build.0 = Debug|Any CPU
		{4CE92EF7-25D0-4439-8E8B-74A07EDC1809}.Release|Any CPU.ActiveCfg = Release|Any CPU
		{4CE92EF7-25D0-4439-8E8B-74A07EDC1809}.Release|Any CPU.Build.0 = Release|Any CPU
		{5E80700F-79D7-4775-9F3D-DD3A0CE2E039}.Debug|Any CPU.ActiveCfg = Debug|Any CPU
		{5E80700F-79D7-4775-9F3D-DD3A0CE2E039}.Debug|Any CPU.Build.0 = Debug|Any CPU
		{5E80700F-79D7-4775-9F3D-DD3A0CE2E039}.Release|Any CPU.ActiveCfg = Release|Any CPU
		{5E80700F-79D7-4775-9F3D-DD3A0CE2E039}.Release|Any CPU.Build.0 = Release|Any CPU
		{CD770637-866F-4AF5-A441-BF97FC1EE8CC}.Debug|Any CPU.ActiveCfg = Debug|Any CPU
		{CD770637-866F-4AF5-A441-BF97FC1EE8CC}.Debug|Any CPU.Build.0 = Debug|Any CPU
		{CD770637-866F-4AF5-A441-BF97FC1EE8CC}.Release|Any CPU.ActiveCfg = Release|Any CPU
		{CD770637-866F-4AF5-A441-BF97FC1EE8CC}.Release|Any CPU.Build.0 = Release|Any CPU
		{439DD393-CBB0-47A3-B79E-41E0F3598DE0}.Debug|Any CPU.ActiveCfg = Debug|Any CPU
		{439DD393-CBB0-47A3-B79E-41E0F3598DE0}.Debug|Any CPU.Build.0 = Debug|Any CPU
		{439DD393-CBB0-47A3-B79E-41E0F3598DE0}.Release|Any CPU.ActiveCfg = Release|Any CPU
		{439DD393-CBB0-47A3-B79E-41E0F3598DE0}.Release|Any CPU.Build.0 = Release|Any CPU
		{8AE5B721-DB8E-461E-8D33-3C78E62E393D}.Debug|Any CPU.ActiveCfg = Debug|Any CPU
		{8AE5B721-DB8E-461E-8D33-3C78E62E393D}.Debug|Any CPU.Build.0 = Debug|Any CPU
		{8AE5B721-DB8E-461E-8D33-3C78E62E393D}.Release|Any CPU.ActiveCfg = Release|Any CPU
		{8AE5B721-DB8E-461E-8D33-3C78E62E393D}.Release|Any CPU.Build.0 = Release|Any CPU
		{C0836A01-E6C2-48B1-882B-D5255811CDFF}.Debug|Any CPU.ActiveCfg = Debug|Any CPU
		{C0836A01-E6C2-48B1-882B-D5255811CDFF}.Debug|Any CPU.Build.0 = Debug|Any CPU
		{C0836A01-E6C2-48B1-882B-D5255811CDFF}.Release|Any CPU.ActiveCfg = Release|Any CPU
		{C0836A01-E6C2-48B1-882B-D5255811CDFF}.Release|Any CPU.Build.0 = Release|Any CPU
		{CE0C8A45-81B5-4B1B-8E2E-7E979A65D67B}.Debug|Any CPU.ActiveCfg = Debug|Any CPU
		{CE0C8A45-81B5-4B1B-8E2E-7E979A65D67B}.Debug|Any CPU.Build.0 = Debug|Any CPU
		{CE0C8A45-81B5-4B1B-8E2E-7E979A65D67B}.Release|Any CPU.ActiveCfg = Release|Any CPU
		{CE0C8A45-81B5-4B1B-8E2E-7E979A65D67B}.Release|Any CPU.Build.0 = Release|Any CPU
		{0B6104D1-4F64-4132-B8B3-651B1A8DBF06}.Debug|Any CPU.ActiveCfg = Debug|Any CPU
		{0B6104D1-4F64-4132-B8B3-651B1A8DBF06}.Debug|Any CPU.Build.0 = Debug|Any CPU
		{0B6104D1-4F64-4132-B8B3-651B1A8DBF06}.Release|Any CPU.ActiveCfg = Release|Any CPU
		{0B6104D1-4F64-4132-B8B3-651B1A8DBF06}.Release|Any CPU.Build.0 = Release|Any CPU
		{829F9F8A-C5BD-4241-BC4C-0AAD7EE75C6F}.Debug|Any CPU.ActiveCfg = Debug|Any CPU
		{829F9F8A-C5BD-4241-BC4C-0AAD7EE75C6F}.Debug|Any CPU.Build.0 = Debug|Any CPU
		{829F9F8A-C5BD-4241-BC4C-0AAD7EE75C6F}.Release|Any CPU.ActiveCfg = Release|Any CPU
		{829F9F8A-C5BD-4241-BC4C-0AAD7EE75C6F}.Release|Any CPU.Build.0 = Release|Any CPU
		{B47A24E0-6E4D-40C8-8F57-BC63E4706546}.Debug|Any CPU.ActiveCfg = Debug|Any CPU
		{B47A24E0-6E4D-40C8-8F57-BC63E4706546}.Debug|Any CPU.Build.0 = Debug|Any CPU
		{B47A24E0-6E4D-40C8-8F57-BC63E4706546}.Release|Any CPU.ActiveCfg = Release|Any CPU
		{B47A24E0-6E4D-40C8-8F57-BC63E4706546}.Release|Any CPU.Build.0 = Release|Any CPU
		{23F445B8-CD5E-4221-84C2-06C7F61E11AA}.Debug|Any CPU.ActiveCfg = Debug|Any CPU
		{23F445B8-CD5E-4221-84C2-06C7F61E11AA}.Debug|Any CPU.Build.0 = Debug|Any CPU
		{23F445B8-CD5E-4221-84C2-06C7F61E11AA}.Release|Any CPU.ActiveCfg = Release|Any CPU
		{23F445B8-CD5E-4221-84C2-06C7F61E11AA}.Release|Any CPU.Build.0 = Release|Any CPU
		{13E44E37-0C2E-4D68-8605-4D4C33147776}.Debug|Any CPU.ActiveCfg = Debug|Any CPU
		{13E44E37-0C2E-4D68-8605-4D4C33147776}.Debug|Any CPU.Build.0 = Debug|Any CPU
		{13E44E37-0C2E-4D68-8605-4D4C33147776}.Release|Any CPU.ActiveCfg = Release|Any CPU
		{13E44E37-0C2E-4D68-8605-4D4C33147776}.Release|Any CPU.Build.0 = Release|Any CPU
		{AE2D2AE7-AD30-4968-98BF-36553D749383}.Debug|Any CPU.ActiveCfg = Debug|Any CPU
		{AE2D2AE7-AD30-4968-98BF-36553D749383}.Debug|Any CPU.Build.0 = Debug|Any CPU
		{AE2D2AE7-AD30-4968-98BF-36553D749383}.Release|Any CPU.ActiveCfg = Release|Any CPU
		{AE2D2AE7-AD30-4968-98BF-36553D749383}.Release|Any CPU.Build.0 = Release|Any CPU
		{BDEA1C53-5092-44B6-9124-CED4EF97453A}.Debug|Any CPU.ActiveCfg = Debug|Any CPU
		{BDEA1C53-5092-44B6-9124-CED4EF97453A}.Debug|Any CPU.Build.0 = Debug|Any CPU
		{BDEA1C53-5092-44B6-9124-CED4EF97453A}.Release|Any CPU.ActiveCfg = Release|Any CPU
		{BDEA1C53-5092-44B6-9124-CED4EF97453A}.Release|Any CPU.Build.0 = Release|Any CPU
		{850D7C4C-1D54-40AF-8E3F-D43E5311D5DB}.Debug|Any CPU.ActiveCfg = Debug|Any CPU
		{850D7C4C-1D54-40AF-8E3F-D43E5311D5DB}.Debug|Any CPU.Build.0 = Debug|Any CPU
		{850D7C4C-1D54-40AF-8E3F-D43E5311D5DB}.Release|Any CPU.ActiveCfg = Release|Any CPU
		{850D7C4C-1D54-40AF-8E3F-D43E5311D5DB}.Release|Any CPU.Build.0 = Release|Any CPU
		{C45BE097-7746-4FB2-A1B1-A2909C318EA0}.Debug|Any CPU.ActiveCfg = Debug|Any CPU
		{C45BE097-7746-4FB2-A1B1-A2909C318EA0}.Debug|Any CPU.Build.0 = Debug|Any CPU
		{C45BE097-7746-4FB2-A1B1-A2909C318EA0}.Release|Any CPU.ActiveCfg = Release|Any CPU
		{C45BE097-7746-4FB2-A1B1-A2909C318EA0}.Release|Any CPU.Build.0 = Release|Any CPU
		{F121AAFB-DEAA-473D-AFA6-AC0C9CBCE692}.Debug|Any CPU.ActiveCfg = Debug|Any CPU
		{F121AAFB-DEAA-473D-AFA6-AC0C9CBCE692}.Debug|Any CPU.Build.0 = Debug|Any CPU
		{F121AAFB-DEAA-473D-AFA6-AC0C9CBCE692}.Release|Any CPU.ActiveCfg = Release|Any CPU
		{F121AAFB-DEAA-473D-AFA6-AC0C9CBCE692}.Release|Any CPU.Build.0 = Release|Any CPU
	EndGlobalSection
	GlobalSection(SolutionProperties) = preSolution
		HideSolutionNode = FALSE
	EndGlobalSection
	GlobalSection(ExtensibilityGlobals) = postSolution
		SolutionGuid = {6BEC2847-ECAB-47F3-853E-164383BF8CCA}
	EndGlobalSection
EndGlobal
